
Microsoft Visual Studio Solution File, Format Version 12.00
Project("{FAE04EC0-301F-11D3-BF4B-00C04F79EFBC}") = "Chat.API", "src\server\Chat.API\Chat.API.csproj", "{B32BA458-5010-4B96-AC46-1884C216E74F}"
EndProject
Project("{F2A71F9B-5D33-465A-A702-920D77279786}") = "Chat.Core", "src\server\Chat.Core\Chat.Core.fsproj", "{3C0510BD-3D65-4E87-B457-4FE2E1E0648B}"
EndProject
Project("{FAE04EC0-301F-11D3-BF4B-00C04F79EFBC}") = "Chat.Infrastructure", "src\server\Chat.Infrastructure\Chat.Infrastructure.csproj", "{5D886F72-FA27-4C89-AADA-D919FD725D15}"
EndProject
Project("{FAE04EC0-301F-11D3-BF4B-00C04F79EFBC}") = "Chat.Shared", "src\server\Chat.Shared\Chat.Shared.csproj", "{B5F093A0-E919-4A48-97D4-C234D6C85706}"
EndProject
Global
	GlobalSection(SolutionConfigurationPlatforms) = preSolution
		Debug|Any CPU = Debug|Any CPU
		Release|Any CPU = Release|Any CPU
	EndGlobalSection
	GlobalSection(ProjectConfigurationPlatforms) = postSolution
		{B32BA458-5010-4B96-AC46-1884C216E74F}.Debug|Any CPU.ActiveCfg = Debug|Any CPU
		{B32BA458-5010-4B96-AC46-1884C216E74F}.Debug|Any CPU.Build.0 = Debug|Any CPU
		{B32BA458-5010-4B96-AC46-1884C216E74F}.Release|Any CPU.ActiveCfg = Release|Any CPU
		{B32BA458-5010-4B96-AC46-1884C216E74F}.Release|Any CPU.Build.0 = Release|Any CPU
		{3C0510BD-3D65-4E87-B457-4FE2E1E0648B}.Debug|Any CPU.ActiveCfg = Debug|Any CPU
		{3C0510BD-3D65-4E87-B457-4FE2E1E0648B}.Debug|Any CPU.Build.0 = Debug|Any CPU
		{3C0510BD-3D65-4E87-B457-4FE2E1E0648B}.Release|Any CPU.ActiveCfg = Release|Any CPU
		{3C0510BD-3D65-4E87-B457-4FE2E1E0648B}.Release|Any CPU.Build.0 = Release|Any CPU
		{5D886F72-FA27-4C89-AADA-D919FD725D15}.Debug|Any CPU.ActiveCfg = Debug|Any CPU
		{5D886F72-FA27-4C89-AADA-D919FD725D15}.Debug|Any CPU.Build.0 = Debug|Any CPU
		{5D886F72-FA27-4C89-AADA-D919FD725D15}.Release|Any CPU.ActiveCfg = Release|Any CPU
		{5D886F72-FA27-4C89-AADA-D919FD725D15}.Release|Any CPU.Build.0 = Release|Any CPU
		{B5F093A0-E919-4A48-97D4-C234D6C85706}.Debug|Any CPU.ActiveCfg = Debug|Any CPU
		{B5F093A0-E919-4A48-97D4-C234D6C85706}.Debug|Any CPU.Build.0 = Debug|Any CPU
		{B5F093A0-E919-4A48-97D4-C234D6C85706}.Release|Any CPU.ActiveCfg = Release|Any CPU
		{B5F093A0-E919-4A48-97D4-C234D6C85706}.Release|Any CPU.Build.0 = Release|Any CPU
	EndGlobalSection
EndGlobal
