
Microsoft Visual Studio Solution File, Format Version 12.00
Project("{FAE04EC0-301F-11D3-BF4B-00C04F79EFBC}") = "SharedKernel", "src\server\SharedKernel\SharedKernel.csproj", "{C8AE5BA3-F0C2-49BF-B48B-C9FF0310D50D}"
EndProject
Project("{2150E333-8FDC-42A3-9474-1A3956D46DE8}") = "Other", "Other", "{47EB5504-33D1-4CDB-BBCB-5848D9C96BF7}"
	ProjectSection(SolutionItems) = preProject
		.gitignore = .gitignore
		README.md = README.md
		Directory.Build.props = Directory.Build.props
	EndProjectSection
EndProject
Project("{2150E333-8FDC-42A3-9474-1A3956D46DE8}") = "CI/CD", "CI/CD", "{CB502BB8-3790-424D-B0EB-AD536B109E73}"
	ProjectSection(SolutionItems) = preProject
		docker-compose.yml = docker-compose.yml
		.env = .env
		docker-compose.override.yml = docker-compose.override.yml
	EndProjectSection
EndProject
Project("{FAE04EC0-301F-11D3-BF4B-00C04F79EFBC}") = "Application", "src\server\Application\Application.csproj", "{A09B3AB7-4C3F-4F82-9222-DC68032BC384}"
EndProject
Project("{FAE04EC0-301F-11D3-BF4B-00C04F79EFBC}") = "Infrastructure", "src\server\Infrastructure\Infrastructure.csproj", "{0157D16D-2DA6-4203-834D-8B1E52EA6675}"
EndProject
Project("{FAE04EC0-301F-11D3-BF4B-00C04F79EFBC}") = "Domain", "src\server\Domain\Domain.csproj", "{4C0C5877-B22C-4C68-9420-ACE53B450E11}"
EndProject
Project("{FAE04EC0-301F-11D3-BF4B-00C04F79EFBC}") = "Forum.Migrator", "src\server\Forum.Migrator\Forum.Migrator.csproj", "{CCE12D06-D644-4CED-BEE6-D3D305275495}"
EndProject
Project("{2150E333-8FDC-42A3-9474-1A3956D46DE8}") = "Services", "Services", "{6CA0A24A-9A9F-4F95-9621-BC169917E74E}"
	ProjectSection(SolutionItems) = preProject
		src\server\Services\Dockerfile = src\server\Services\Dockerfile
	EndProjectSection
EndProject
Project("{2150E333-8FDC-42A3-9474-1A3956D46DE8}") = "Migrators", "Migrators", "{4C5DDDB6-C197-44A9-BFBD-4FB86A1DA219}"
EndProject
Project("{FAE04EC0-301F-11D3-BF4B-00C04F79EFBC}") = "Metadata.API", "src\server\Services\Metadata.API\Metadata.API.csproj", "{5B00F6BB-A98C-488C-B046-5A67DF1E34BA}"
EndProject
Project("{FAE04EC0-301F-11D3-BF4B-00C04F79EFBC}") = "File.API", "src\server\Services\File.API\File.API.csproj", "{60D24CD1-C5D3-4F59-A80F-9418EF8FCA6D}"
EndProject
Project("{FAE04EC0-301F-11D3-BF4B-00C04F79EFBC}") = "FileMetadata.Consumer", "src\server\Services\FileMetadata.Consumer\FileMetadata.Consumer.csproj", "{9D8A8752-E5A6-4C6A-9DAF-D59C0FE45A76}"
EndProject
Project("{FAE04EC0-301F-11D3-BF4B-00C04F79EFBC}") = "Forum.API", "src\server\Services\Forum.API\Forum.API.csproj", "{5AC0DB55-061F-42CB-9CB3-DBA6599AD7E6}"
EndProject
Project("{FAE04EC0-301F-11D3-BF4B-00C04F79EFBC}") = "Forum.Consumer", "src\server\Services\Forum.Consumer\Forum.Consumer.csproj", "{67B7AF24-71E3-4EA1-929A-82C8833CE642}"
EndProject
Global
	GlobalSection(SolutionConfigurationPlatforms) = preSolution
		Debug|Any CPU = Debug|Any CPU
		Release|Any CPU = Release|Any CPU
	EndGlobalSection
	GlobalSection(ProjectConfigurationPlatforms) = postSolution
		{C8AE5BA3-F0C2-49BF-B48B-C9FF0310D50D}.Debug|Any CPU.ActiveCfg = Debug|Any CPU
		{C8AE5BA3-F0C2-49BF-B48B-C9FF0310D50D}.Debug|Any CPU.Build.0 = Debug|Any CPU
		{C8AE5BA3-F0C2-49BF-B48B-C9FF0310D50D}.Release|Any CPU.ActiveCfg = Release|Any CPU
		{C8AE5BA3-F0C2-49BF-B48B-C9FF0310D50D}.Release|Any CPU.Build.0 = Release|Any CPU
		{A09B3AB7-4C3F-4F82-9222-DC68032BC384}.Debug|Any CPU.ActiveCfg = Debug|Any CPU
		{A09B3AB7-4C3F-4F82-9222-DC68032BC384}.Debug|Any CPU.Build.0 = Debug|Any CPU
		{A09B3AB7-4C3F-4F82-9222-DC68032BC384}.Release|Any CPU.ActiveCfg = Release|Any CPU
		{A09B3AB7-4C3F-4F82-9222-DC68032BC384}.Release|Any CPU.Build.0 = Release|Any CPU
		{0157D16D-2DA6-4203-834D-8B1E52EA6675}.Debug|Any CPU.ActiveCfg = Debug|Any CPU
		{0157D16D-2DA6-4203-834D-8B1E52EA6675}.Debug|Any CPU.Build.0 = Debug|Any CPU
		{0157D16D-2DA6-4203-834D-8B1E52EA6675}.Release|Any CPU.ActiveCfg = Release|Any CPU
		{0157D16D-2DA6-4203-834D-8B1E52EA6675}.Release|Any CPU.Build.0 = Release|Any CPU
		{4C0C5877-B22C-4C68-9420-ACE53B450E11}.Debug|Any CPU.ActiveCfg = Debug|Any CPU
		{4C0C5877-B22C-4C68-9420-ACE53B450E11}.Debug|Any CPU.Build.0 = Debug|Any CPU
		{4C0C5877-B22C-4C68-9420-ACE53B450E11}.Release|Any CPU.ActiveCfg = Release|Any CPU
		{4C0C5877-B22C-4C68-9420-ACE53B450E11}.Release|Any CPU.Build.0 = Release|Any CPU
		{CCE12D06-D644-4CED-BEE6-D3D305275495}.Debug|Any CPU.ActiveCfg = Debug|Any CPU
		{CCE12D06-D644-4CED-BEE6-D3D305275495}.Debug|Any CPU.Build.0 = Debug|Any CPU
		{CCE12D06-D644-4CED-BEE6-D3D305275495}.Release|Any CPU.ActiveCfg = Release|Any CPU
		{CCE12D06-D644-4CED-BEE6-D3D305275495}.Release|Any CPU.Build.0 = Release|Any CPU
		{5B00F6BB-A98C-488C-B046-5A67DF1E34BA}.Debug|Any CPU.ActiveCfg = Debug|Any CPU
		{5B00F6BB-A98C-488C-B046-5A67DF1E34BA}.Debug|Any CPU.Build.0 = Debug|Any CPU
		{5B00F6BB-A98C-488C-B046-5A67DF1E34BA}.Release|Any CPU.ActiveCfg = Release|Any CPU
		{5B00F6BB-A98C-488C-B046-5A67DF1E34BA}.Release|Any CPU.Build.0 = Release|Any CPU
		{60D24CD1-C5D3-4F59-A80F-9418EF8FCA6D}.Debug|Any CPU.ActiveCfg = Debug|Any CPU
		{60D24CD1-C5D3-4F59-A80F-9418EF8FCA6D}.Debug|Any CPU.Build.0 = Debug|Any CPU
		{60D24CD1-C5D3-4F59-A80F-9418EF8FCA6D}.Release|Any CPU.ActiveCfg = Release|Any CPU
		{60D24CD1-C5D3-4F59-A80F-9418EF8FCA6D}.Release|Any CPU.Build.0 = Release|Any CPU
		{9D8A8752-E5A6-4C6A-9DAF-D59C0FE45A76}.Debug|Any CPU.ActiveCfg = Debug|Any CPU
		{9D8A8752-E5A6-4C6A-9DAF-D59C0FE45A76}.Debug|Any CPU.Build.0 = Debug|Any CPU
		{9D8A8752-E5A6-4C6A-9DAF-D59C0FE45A76}.Release|Any CPU.ActiveCfg = Release|Any CPU
		{9D8A8752-E5A6-4C6A-9DAF-D59C0FE45A76}.Release|Any CPU.Build.0 = Release|Any CPU
		{5AC0DB55-061F-42CB-9CB3-DBA6599AD7E6}.Debug|Any CPU.ActiveCfg = Debug|Any CPU
		{5AC0DB55-061F-42CB-9CB3-DBA6599AD7E6}.Debug|Any CPU.Build.0 = Debug|Any CPU
		{5AC0DB55-061F-42CB-9CB3-DBA6599AD7E6}.Release|Any CPU.ActiveCfg = Release|Any CPU
		{5AC0DB55-061F-42CB-9CB3-DBA6599AD7E6}.Release|Any CPU.Build.0 = Release|Any CPU
		{67B7AF24-71E3-4EA1-929A-82C8833CE642}.Debug|Any CPU.ActiveCfg = Debug|Any CPU
		{67B7AF24-71E3-4EA1-929A-82C8833CE642}.Debug|Any CPU.Build.0 = Debug|Any CPU
		{67B7AF24-71E3-4EA1-929A-82C8833CE642}.Release|Any CPU.ActiveCfg = Release|Any CPU
		{67B7AF24-71E3-4EA1-929A-82C8833CE642}.Release|Any CPU.Build.0 = Release|Any CPU
	EndGlobalSection
	GlobalSection(NestedProjects) = preSolution
		{CCE12D06-D644-4CED-BEE6-D3D305275495} = {4C5DDDB6-C197-44A9-BFBD-4FB86A1DA219}
		{5B00F6BB-A98C-488C-B046-5A67DF1E34BA} = {6CA0A24A-9A9F-4F95-9621-BC169917E74E}
		{60D24CD1-C5D3-4F59-A80F-9418EF8FCA6D} = {6CA0A24A-9A9F-4F95-9621-BC169917E74E}
		{9D8A8752-E5A6-4C6A-9DAF-D59C0FE45A76} = {6CA0A24A-9A9F-4F95-9621-BC169917E74E}
		{5AC0DB55-061F-42CB-9CB3-DBA6599AD7E6} = {6CA0A24A-9A9F-4F95-9621-BC169917E74E}
		{67B7AF24-71E3-4EA1-929A-82C8833CE642} = {6CA0A24A-9A9F-4F95-9621-BC169917E74E}
	EndGlobalSection
EndGlobal
